// !$*UTF8*$!
{
	archiveVersion = 1;
	classes = {
	};
	objectVersion = 50;
	objects = {

/* Begin PBXBuildFile section */
		3FBF6E55235FF47600738B39 /* AppDelegate.swift in Sources */ = {isa = PBXBuildFile; fileRef = 3FBF6E54235FF47600738B39 /* AppDelegate.swift */; };
		3FBF6E57235FF47600738B39 /* SceneDelegate.swift in Sources */ = {isa = PBXBuildFile; fileRef = 3FBF6E56235FF47600738B39 /* SceneDelegate.swift */; };
		3FBF6E59235FF47600738B39 /* ViewController.swift in Sources */ = {isa = PBXBuildFile; fileRef = 3FBF6E58235FF47600738B39 /* ViewController.swift */; };
		3FBF6E5C235FF47600738B39 /* Main.storyboard in Resources */ = {isa = PBXBuildFile; fileRef = 3FBF6E5A235FF47600738B39 /* Main.storyboard */; };
		3FBF6E5E235FF47700738B39 /* Assets.xcassets in Resources */ = {isa = PBXBuildFile; fileRef = 3FBF6E5D235FF47700738B39 /* Assets.xcassets */; };
		3FBF6E61235FF47700738B39 /* LaunchScreen.storyboard in Resources */ = {isa = PBXBuildFile; fileRef = 3FBF6E5F235FF47700738B39 /* LaunchScreen.storyboard */; };
		3FBF6E6C235FF47700738B39 /* ZMHColorRQcodeTests.swift in Sources */ = {isa = PBXBuildFile; fileRef = 3FBF6E6B235FF47700738B39 /* ZMHColorRQcodeTests.swift */; };
		3FBF6E77235FF47700738B39 /* ZMHColorRQcodeUITests.swift in Sources */ = {isa = PBXBuildFile; fileRef = 3FBF6E76235FF47700738B39 /* ZMHColorRQcodeUITests.swift */; };
		3FBF6E86235FF48A00738B39 /* ZMHColorRQCodeView.swift in Sources */ = {isa = PBXBuildFile; fileRef = 3FBF6E85235FF48A00738B39 /* ZMHColorRQCodeView.swift */; };
/* End PBXBuildFile section */

/* Begin PBXContainerItemProxy section */
		3FBF6E68235FF47700738B39 /* PBXContainerItemProxy */ = {
			isa = PBXContainerItemProxy;
			containerPortal = 3FBF6E49235FF47600738B39 /* Project object */;
			proxyType = 1;
			remoteGlobalIDString = 3FBF6E50235FF47600738B39;
			remoteInfo = ZMHColorRQcode;
		};
		3FBF6E73235FF47700738B39 /* PBXContainerItemProxy */ = {
			isa = PBXContainerItemProxy;
			containerPortal = 3FBF6E49235FF47600738B39 /* Project object */;
			proxyType = 1;
			remoteGlobalIDString = 3FBF6E50235FF47600738B39;
			remoteInfo = ZMHColorRQcode;
		};
/* End PBXContainerItemProxy section */

/* Begin PBXFileReference section */
		3FBF6E51235FF47600738B39 /* ZMHColorRQcode.app */ = {isa = PBXFileReference; explicitFileType = wrapper.application; includeInIndex = 0; path = ZMHColorRQcode.app; sourceTree = BUILT_PRODUCTS_DIR; };
		3FBF6E54235FF47600738B39 /* AppDelegate.swift */ = {isa = PBXFileReference; lastKnownFileType = sourcecode.swift; path = AppDelegate.swift; sourceTree = "<group>"; };
		3FBF6E56235FF47600738B39 /* SceneDelegate.swift */ = {isa = PBXFileReference; lastKnownFileType = sourcecode.swift; path = SceneDelegate.swift; sourceTree = "<group>"; };
		3FBF6E58235FF47600738B39 /* ViewController.swift */ = {isa = PBXFileReference; lastKnownFileType = sourcecode.swift; path = ViewController.swift; sourceTree = "<group>"; };
		3FBF6E5B235FF47600738B39 /* Base */ = {isa = PBXFileReference; lastKnownFileType = file.storyboard; name = Base; path = Base.lproj/Main.storyboard; sourceTree = "<group>"; };
		3FBF6E5D235FF47700738B39 /* Assets.xcassets */ = {isa = PBXFileReference; lastKnownFileType = folder.assetcatalog; path = Assets.xcassets; sourceTree = "<group>"; };
		3FBF6E60235FF47700738B39 /* Base */ = {isa = PBXFileReference; lastKnownFileType = file.storyboard; name = Base; path = Base.lproj/LaunchScreen.storyboard; sourceTree = "<group>"; };
		3FBF6E62235FF47700738B39 /* Info.plist */ = {isa = PBXFileReference; lastKnownFileType = text.plist.xml; path = Info.plist; sourceTree = "<group>"; };
		3FBF6E67235FF47700738B39 /* ZMHColorRQcodeTests.xctest */ = {isa = PBXFileReference; explicitFileType = wrapper.cfbundle; includeInIndex = 0; path = ZMHColorRQcodeTests.xctest; sourceTree = BUILT_PRODUCTS_DIR; };
		3FBF6E6B235FF47700738B39 /* ZMHColorRQcodeTests.swift */ = {isa = PBXFileReference; lastKnownFileType = sourcecode.swift; path = ZMHColorRQcodeTests.swift; sourceTree = "<group>"; };
		3FBF6E6D235FF47700738B39 /* Info.plist */ = {isa = PBXFileReference; lastKnownFileType = text.plist.xml; path = Info.plist; sourceTree = "<group>"; };
		3FBF6E72235FF47700738B39 /* ZMHColorRQcodeUITests.xctest */ = {isa = PBXFileReference; explicitFileType = wrapper.cfbundle; includeInIndex = 0; path = ZMHColorRQcodeUITests.xctest; sourceTree = BUILT_PRODUCTS_DIR; };
		3FBF6E76235FF47700738B39 /* ZMHColorRQcodeUITests.swift */ = {isa = PBXFileReference; lastKnownFileType = sourcecode.swift; path = ZMHColorRQcodeUITests.swift; sourceTree = "<group>"; };
		3FBF6E78235FF47700738B39 /* Info.plist */ = {isa = PBXFileReference; lastKnownFileType = text.plist.xml; path = Info.plist; sourceTree = "<group>"; };
		3FBF6E85235FF48A00738B39 /* ZMHColorRQCodeView.swift */ = {isa = PBXFileReference; fileEncoding = 4; lastKnownFileType = sourcecode.swift; path = ZMHColorRQCodeView.swift; sourceTree = "<group>"; };
/* End PBXFileReference section */

/* Begin PBXFrameworksBuildPhase section */
		3FBF6E4E235FF47600738B39 /* Frameworks */ = {
			isa = PBXFrameworksBuildPhase;
			buildActionMask = 2147483647;
			files = (
			);
			runOnlyForDeploymentPostprocessing = 0;
		};
		3FBF6E64235FF47700738B39 /* Frameworks */ = {
			isa = PBXFrameworksBuildPhase;
			buildActionMask = 2147483647;
			files = (
			);
			runOnlyForDeploymentPostprocessing = 0;
		};
		3FBF6E6F235FF47700738B39 /* Frameworks */ = {
			isa = PBXFrameworksBuildPhase;
			buildActionMask = 2147483647;
			files = (
			);
			runOnlyForDeploymentPostprocessing = 0;
		};
/* End PBXFrameworksBuildPhase section */

/* Begin PBXGroup section */
		3FBF6E48235FF47600738B39 = {
			isa = PBXGroup;
			children = (
				3FBF6E53235FF47600738B39 /* ZMHColorRQcode */,
				3FBF6E6A235FF47700738B39 /* ZMHColorRQcodeTests */,
				3FBF6E75235FF47700738B39 /* ZMHColorRQcodeUITests */,
				3FBF6E52235FF47600738B39 /* Products */,
			);
			sourceTree = "<group>";
		};
		3FBF6E52235FF47600738B39 /* Products */ = {
			isa = PBXGroup;
			children = (
				3FBF6E51235FF47600738B39 /* ZMHColorRQcode.app */,
				3FBF6E67235FF47700738B39 /* ZMHColorRQcodeTests.xctest */,
				3FBF6E72235FF47700738B39 /* ZMHColorRQcodeUITests.xctest */,
			);
			name = Products;
			sourceTree = "<group>";
		};
		3FBF6E53235FF47600738B39 /* ZMHColorRQcode */ = {
			isa = PBXGroup;
			children = (
				3FBF6E84235FF48A00738B39 /* ZMHColorRQcode */,
				3FBF6E54235FF47600738B39 /* AppDelegate.swift */,
				3FBF6E56235FF47600738B39 /* SceneDelegate.swift */,
				3FBF6E58235FF47600738B39 /* ViewController.swift */,
				3FBF6E5A235FF47600738B39 /* Main.storyboard */,
				3FBF6E5D235FF47700738B39 /* Assets.xcassets */,
				3FBF6E5F235FF47700738B39 /* LaunchScreen.storyboard */,
				3FBF6E62235FF47700738B39 /* Info.plist */,
			);
			path = ZMHColorRQcode;
			sourceTree = "<group>";
		};
		3FBF6E6A235FF47700738B39 /* ZMHColorRQcodeTests */ = {
			isa = PBXGroup;
			children = (
				3FBF6E6B235FF47700738B39 /* ZMHColorRQcodeTests.swift */,
				3FBF6E6D235FF47700738B39 /* Info.plist */,
			);
			path = ZMHColorRQcodeTests;
			sourceTree = "<group>";
		};
		3FBF6E75235FF47700738B39 /* ZMHColorRQcodeUITests */ = {
			isa = PBXGroup;
			children = (
				3FBF6E76235FF47700738B39 /* ZMHColorRQcodeUITests.swift */,
				3FBF6E78235FF47700738B39 /* Info.plist */,
			);
			path = ZMHColorRQcodeUITests;
			sourceTree = "<group>";
		};
		3FBF6E84235FF48A00738B39 /* ZMHColorRQcode */ = {
			isa = PBXGroup;
			children = (
				3FBF6E85235FF48A00738B39 /* ZMHColorRQCodeView.swift */,
			);
			path = ZMHColorRQcode;
			sourceTree = "<group>";
		};
/* End PBXGroup section */

/* Begin PBXNativeTarget section */
		3FBF6E50235FF47600738B39 /* ZMHColorRQcode */ = {
			isa = PBXNativeTarget;
			buildConfigurationList = 3FBF6E7B235FF47700738B39 /* Build configuration list for PBXNativeTarget "ZMHColorRQcode" */;
			buildPhases = (
				3FBF6E4D235FF47600738B39 /* Sources */,
				3FBF6E4E235FF47600738B39 /* Frameworks */,
				3FBF6E4F235FF47600738B39 /* Resources */,
			);
			buildRules = (
			);
			dependencies = (
			);
			name = ZMHColorRQcode;
			productName = ZMHColorRQcode;
			productReference = 3FBF6E51235FF47600738B39 /* ZMHColorRQcode.app */;
			productType = "com.apple.product-type.application";
		};
		3FBF6E66235FF47700738B39 /* ZMHColorRQcodeTests */ = {
			isa = PBXNativeTarget;
			buildConfigurationList = 3FBF6E7E235FF47700738B39 /* Build configuration list for PBXNativeTarget "ZMHColorRQcodeTests" */;
			buildPhases = (
				3FBF6E63235FF47700738B39 /* Sources */,
				3FBF6E64235FF47700738B39 /* Frameworks */,
				3FBF6E65235FF47700738B39 /* Resources */,
			);
			buildRules = (
			);
			dependencies = (
				3FBF6E69235FF47700738B39 /* PBXTargetDependency */,
			);
			name = ZMHColorRQcodeTests;
			productName = ZMHColorRQcodeTests;
			productReference = 3FBF6E67235FF47700738B39 /* ZMHColorRQcodeTests.xctest */;
			productType = "com.apple.product-type.bundle.unit-test";
		};
		3FBF6E71235FF47700738B39 /* ZMHColorRQcodeUITests */ = {
			isa = PBXNativeTarget;
			buildConfigurationList = 3FBF6E81235FF47700738B39 /* Build configuration list for PBXNativeTarget "ZMHColorRQcodeUITests" */;
			buildPhases = (
				3FBF6E6E235FF47700738B39 /* Sources */,
				3FBF6E6F235FF47700738B39 /* Frameworks */,
				3FBF6E70235FF47700738B39 /* Resources */,
			);
			buildRules = (
			);
			dependencies = (
				3FBF6E74235FF47700738B39 /* PBXTargetDependency */,
			);
			name = ZMHColorRQcodeUITests;
			productName = ZMHColorRQcodeUITests;
			productReference = 3FBF6E72235FF47700738B39 /* ZMHColorRQcodeUITests.xctest */;
			productType = "com.apple.product-type.bundle.ui-testing";
		};
/* End PBXNativeTarget section */

/* Begin PBXProject section */
		3FBF6E49235FF47600738B39 /* Project object */ = {
			isa = PBXProject;
			attributes = {
				LastSwiftUpdateCheck = 1110;
				LastUpgradeCheck = 1110;
				ORGANIZATIONNAME = HDCF003;
				TargetAttributes = {
					3FBF6E50235FF47600738B39 = {
						CreatedOnToolsVersion = 11.1;
					};
					3FBF6E66235FF47700738B39 = {
						CreatedOnToolsVersion = 11.1;
						TestTargetID = 3FBF6E50235FF47600738B39;
					};
					3FBF6E71235FF47700738B39 = {
						CreatedOnToolsVersion = 11.1;
						TestTargetID = 3FBF6E50235FF47600738B39;
					};
				};
			};
			buildConfigurationList = 3FBF6E4C235FF47600738B39 /* Build configuration list for PBXProject "ZMHColorRQcode" */;
			compatibilityVersion = "Xcode 9.3";
			developmentRegion = en;
			hasScannedForEncodings = 0;
			knownRegions = (
				en,
				Base,
			);
			mainGroup = 3FBF6E48235FF47600738B39;
			productRefGroup = 3FBF6E52235FF47600738B39 /* Products */;
			projectDirPath = "";
			projectRoot = "";
			targets = (
				3FBF6E50235FF47600738B39 /* ZMHColorRQcode */,
				3FBF6E66235FF47700738B39 /* ZMHColorRQcodeTests */,
				3FBF6E71235FF47700738B39 /* ZMHColorRQcodeUITests */,
			);
		};
/* End PBXProject section */

/* Begin PBXResourcesBuildPhase section */
		3FBF6E4F235FF47600738B39 /* Resources */ = {
			isa = PBXResourcesBuildPhase;
			buildActionMask = 2147483647;
			files = (
				3FBF6E61235FF47700738B39 /* LaunchScreen.storyboard in Resources */,
				3FBF6E5E235FF47700738B39 /* Assets.xcassets in Resources */,
				3FBF6E5C235FF47600738B39 /* Main.storyboard in Resources */,
			);
			runOnlyForDeploymentPostprocessing = 0;
		};
		3FBF6E65235FF47700738B39 /* Resources */ = {
			isa = PBXResourcesBuildPhase;
			buildActionMask = 2147483647;
			files = (
			);
			runOnlyForDeploymentPostprocessing = 0;
		};
		3FBF6E70235FF47700738B39 /* Resources */ = {
			isa = PBXResourcesBuildPhase;
			buildActionMask = 2147483647;
			files = (
			);
			runOnlyForDeploymentPostprocessing = 0;
		};
/* End PBXResourcesBuildPhase section */

/* Begin PBXSourcesBuildPhase section */
		3FBF6E4D235FF47600738B39 /* Sources */ = {
			isa = PBXSourcesBuildPhase;
			buildActionMask = 2147483647;
			files = (
				3FBF6E59235FF47600738B39 /* ViewController.swift in Sources */,
				3FBF6E55235FF47600738B39 /* AppDelegate.swift in Sources */,
				3FBF6E86235FF48A00738B39 /* ZMHColorRQCodeView.swift in Sources */,
				3FBF6E57235FF47600738B39 /* SceneDelegate.swift in Sources */,
			);
			runOnlyForDeploymentPostprocessing = 0;
		};
		3FBF6E63235FF47700738B39 /* Sources */ = {
			isa = PBXSourcesBuildPhase;
			buildActionMask = 2147483647;
			files = (
				3FBF6E6C235FF47700738B39 /* ZMHColorRQcodeTests.swift in Sources */,
			);
			runOnlyForDeploymentPostprocessing = 0;
		};
		3FBF6E6E235FF47700738B39 /* Sources */ = {
			isa = PBXSourcesBuildPhase;
			buildActionMask = 2147483647;
			files = (
				3FBF6E77235FF47700738B39 /* ZMHColorRQcodeUITests.swift in Sources */,
			);
			runOnlyForDeploymentPostprocessing = 0;
		};
/* End PBXSourcesBuildPhase section */

/* Begin PBXTargetDependency section */
		3FBF6E69235FF47700738B39 /* PBXTargetDependency */ = {
			isa = PBXTargetDependency;
			target = 3FBF6E50235FF47600738B39 /* ZMHColorRQcode */;
			targetProxy = 3FBF6E68235FF47700738B39 /* PBXContainerItemProxy */;
		};
		3FBF6E74235FF47700738B39 /* PBXTargetDependency */ = {
			isa = PBXTargetDependency;
			target = 3FBF6E50235FF47600738B39 /* ZMHColorRQcode */;
			targetProxy = 3FBF6E73235FF47700738B39 /* PBXContainerItemProxy */;
		};
/* End PBXTargetDependency section */

/* Begin PBXVariantGroup section */
		3FBF6E5A235FF47600738B39 /* Main.storyboard */ = {
			isa = PBXVariantGroup;
			children = (
				3FBF6E5B235FF47600738B39 /* Base */,
			);
			name = Main.storyboard;
			sourceTree = "<group>";
		};
		3FBF6E5F235FF47700738B39 /* LaunchScreen.storyboard */ = {
			isa = PBXVariantGroup;
			children = (
				3FBF6E60235FF47700738B39 /* Base */,
			);
			name = LaunchScreen.storyboard;
			sourceTree = "<group>";
		};
/* End PBXVariantGroup section */

/* Begin XCBuildConfiguration section */
		3FBF6E79235FF47700738B39 /* Debug */ = {
			isa = XCBuildConfiguration;
			buildSettings = {
				ALWAYS_SEARCH_USER_PATHS = NO;
				CLANG_ANALYZER_NONNULL = YES;
				CLANG_ANALYZER_NUMBER_OBJECT_CONVERSION = YES_AGGRESSIVE;
				CLANG_CXX_LANGUAGE_STANDARD = "gnu++14";
				CLANG_CXX_LIBRARY = "libc++";
				CLANG_ENABLE_MODULES = YES;
				CLANG_ENABLE_OBJC_ARC = YES;
				CLANG_ENABLE_OBJC_WEAK = YES;
				CLANG_WARN_BLOCK_CAPTURE_AUTORELEASING = YES;
				CLANG_WARN_BOOL_CONVERSION = YES;
				CLANG_WARN_COMMA = YES;
				CLANG_WARN_CONSTANT_CONVERSION = YES;
				CLANG_WARN_DEPRECATED_OBJC_IMPLEMENTATIONS = YES;
				CLANG_WARN_DIRECT_OBJC_ISA_USAGE = YES_ERROR;
				CLANG_WARN_DOCUMENTATION_COMMENTS = YES;
				CLANG_WARN_EMPTY_BODY = YES;
				CLANG_WARN_ENUM_CONVERSION = YES;
				CLANG_WARN_INFINITE_RECURSION = YES;
				CLANG_WARN_INT_CONVERSION = YES;
				CLANG_WARN_NON_LITERAL_NULL_CONVERSION = YES;
				CLANG_WARN_OBJC_IMPLICIT_RETAIN_SELF = YES;
				CLANG_WARN_OBJC_LITERAL_CONVERSION = YES;
				CLANG_WARN_OBJC_ROOT_CLASS = YES_ERROR;
				CLANG_WARN_RANGE_LOOP_ANALYSIS = YES;
				CLANG_WARN_STRICT_PROTOTYPES = YES;
				CLANG_WARN_SUSPICIOUS_MOVE = YES;
				CLANG_WARN_UNGUARDED_AVAILABILITY = YES_AGGRESSIVE;
				CLANG_WARN_UNREACHABLE_CODE = YES;
				CLANG_WARN__DUPLICATE_METHOD_MATCH = YES;
				COPY_PHASE_STRIP = NO;
				DEBUG_INFORMATION_FORMAT = dwarf;
				ENABLE_STRICT_OBJC_MSGSEND = YES;
				ENABLE_TESTABILITY = YES;
				GCC_C_LANGUAGE_STANDARD = gnu11;
				GCC_DYNAMIC_NO_PIC = NO;
				GCC_NO_COMMON_BLOCKS = YES;
				GCC_OPTIMIZATION_LEVEL = 0;
				GCC_PREPROCESSOR_DEFINITIONS = (
					"DEBUG=1",
					"$(inherited)",
				);
				GCC_WARN_64_TO_32_BIT_CONVERSION = YES;
				GCC_WARN_ABOUT_RETURN_TYPE = YES_ERROR;
				GCC_WARN_UNDECLARED_SELECTOR = YES;
				GCC_WARN_UNINITIALIZED_AUTOS = YES_AGGRESSIVE;
				GCC_WARN_UNUSED_FUNCTION = YES;
				GCC_WARN_UNUSED_VARIABLE = YES;
				IPHONEOS_DEPLOYMENT_TARGET = 13.1;
				MTL_ENABLE_DEBUG_INFO = INCLUDE_SOURCE;
				MTL_FAST_MATH = YES;
				ONLY_ACTIVE_ARCH = YES;
				SDKROOT = iphoneos;
				SWIFT_ACTIVE_COMPILATION_CONDITIONS = DEBUG;
				SWIFT_OPTIMIZATION_LEVEL = "-Onone";
			};
			name = Debug;
		};
		3FBF6E7A235FF47700738B39 /* Release */ = {
			isa = XCBuildConfiguration;
			buildSettings = {
				ALWAYS_SEARCH_USER_PATHS = NO;
				CLANG_ANALYZER_NONNULL = YES;
				CLANG_ANALYZER_NUMBER_OBJECT_CONVERSION = YES_AGGRESSIVE;
				CLANG_CXX_LANGUAGE_STANDARD = "gnu++14";
				CLANG_CXX_LIBRARY = "libc++";
				CLANG_ENABLE_MODULES = YES;
				CLANG_ENABLE_OBJC_ARC = YES;
				CLANG_ENABLE_OBJC_WEAK = YES;
				CLANG_WARN_BLOCK_CAPTURE_AUTORELEASING = YES;
				CLANG_WARN_BOOL_CONVERSION = YES;
				CLANG_WARN_COMMA = YES;
				CLANG_WARN_CONSTANT_CONVERSION = YES;
				CLANG_WARN_DEPRECATED_OBJC_IMPLEMENTATIONS = YES;
				CLANG_WARN_DIRECT_OBJC_ISA_USAGE = YES_ERROR;
				CLANG_WARN_DOCUMENTATION_COMMENTS = YES;
				CLANG_WARN_EMPTY_BODY = YES;
				CLANG_WARN_ENUM_CONVERSION = YES;
				CLANG_WARN_INFINITE_RECURSION = YES;
				CLANG_WARN_INT_CONVERSION = YES;
				CLANG_WARN_NON_LITERAL_NULL_CONVERSION = YES;
				CLANG_WARN_OBJC_IMPLICIT_RETAIN_SELF = YES;
				CLANG_WARN_OBJC_LITERAL_CONVERSION = YES;
				CLANG_WARN_OBJC_ROOT_CLASS = YES_ERROR;
				CLANG_WARN_RANGE_LOOP_ANALYSIS = YES;
				CLANG_WARN_STRICT_PROTOTYPES = YES;
				CLANG_WARN_SUSPICIOUS_MOVE = YES;
				CLANG_WARN_UNGUARDED_AVAILABILITY = YES_AGGRESSIVE;
				CLANG_WARN_UNREACHABLE_CODE = YES;
				CLANG_WARN__DUPLICATE_METHOD_MATCH = YES;
				COPY_PHASE_STRIP = NO;
				DEBUG_INFORMATION_FORMAT = "dwarf-with-dsym";
				ENABLE_NS_ASSERTIONS = NO;
				ENABLE_STRICT_OBJC_MSGSEND = YES;
				GCC_C_LANGUAGE_STANDARD = gnu11;
				GCC_NO_COMMON_BLOCKS = YES;
				GCC_WARN_64_TO_32_BIT_CONVERSION = YES;
				GCC_WARN_ABOUT_RETURN_TYPE = YES_ERROR;
				GCC_WARN_UNDECLARED_SELECTOR = YES;
				GCC_WARN_UNINITIALIZED_AUTOS = YES_AGGRESSIVE;
				GCC_WARN_UNUSED_FUNCTION = YES;
				GCC_WARN_UNUSED_VARIABLE = YES;
				IPHONEOS_DEPLOYMENT_TARGET = 13.1;
				MTL_ENABLE_DEBUG_INFO = NO;
				MTL_FAST_MATH = YES;
				SDKROOT = iphoneos;
				SWIFT_COMPILATION_MODE = wholemodule;
				SWIFT_OPTIMIZATION_LEVEL = "-O";
				VALIDATE_PRODUCT = YES;
			};
			name = Release;
		};
		3FBF6E7C235FF47700738B39 /* Debug */ = {
			isa = XCBuildConfiguration;
			buildSettings = {
				ASSETCATALOG_COMPILER_APPICON_NAME = AppIcon;
				CODE_SIGN_STYLE = Automatic;
				INFOPLIST_FILE = ZMHColorRQcode/Info.plist;
				LD_RUNPATH_SEARCH_PATHS = (
					"$(inherited)",
					"@executable_path/Frameworks",
				);
				PRODUCT_BUNDLE_IDENTIFIER = HDCF.ZMHColorRQcode;
				PRODUCT_NAME = "$(TARGET_NAME)";
				SWIFT_VERSION = 5.0;
				TARGETED_DEVICE_FAMILY = "1,2";
			};
			name = Debug;
		};
		3FBF6E7D235FF47700738B39 /* Release */ = {
			isa = XCBuildConfiguration;
			buildSettings = {
				ASSETCATALOG_COMPILER_APPICON_NAME = AppIcon;
				CODE_SIGN_STYLE = Automatic;
				INFOPLIST_FILE = ZMHColorRQcode/Info.plist;
				LD_RUNPATH_SEARCH_PATHS = (
					"$(inherited)",
					"@executable_path/Frameworks",
				);
				PRODUCT_BUNDLE_IDENTIFIER = HDCF.ZMHColorRQcode;
				PRODUCT_NAME = "$(TARGET_NAME)";
				SWIFT_VERSION = 5.0;
				TARGETED_DEVICE_FAMILY = "1,2";
			};
			name = Release;
		};
		3FBF6E7F235FF47700738B39 /* Debug */ = {
			isa = XCBuildConfiguration;
			buildSettings = {
				ALWAYS_EMBED_SWIFT_STANDARD_LIBRARIES = YES;
				BUNDLE_LOADER = "$(TEST_HOST)";
				CODE_SIGN_STYLE = Automatic;
				INFOPLIST_FILE = ZMHColorRQcodeTests/Info.plist;
				IPHONEOS_DEPLOYMENT_TARGET = 13.1;
				LD_RUNPATH_SEARCH_PATHS = (
					"$(inherited)",
					"@executable_path/Frameworks",
					"@loader_path/Frameworks",
				);
				PRODUCT_BUNDLE_IDENTIFIER = HDCF.ZMHColorRQcodeTests;
				PRODUCT_NAME = "$(TARGET_NAME)";
				SWIFT_VERSION = 5.0;
				TARGETED_DEVICE_FAMILY = "1,2";
				TEST_HOST = "$(BUILT_PRODUCTS_DIR)/ZMHColorRQcode.app/ZMHColorRQcode";
			};
			name = Debug;
		};
		3FBF6E80235FF47700738B39 /* Release */ = {
			isa = XCBuildConfiguration;
			buildSettings = {
				ALWAYS_EMBED_SWIFT_STANDARD_LIBRARIES = YES;
				BUNDLE_LOADER = "$(TEST_HOST)";
				CODE_SIGN_STYLE = Automatic;
				INFOPLIST_FILE = ZMHColorRQcodeTests/Info.plist;
				IPHONEOS_DEPLOYMENT_TARGET = 13.1;
				LD_RUNPATH_SEARCH_PATHS = (
					"$(inherited)",
					"@executable_path/Frameworks",
					"@loader_path/Frameworks",
				);
				PRODUCT_BUNDLE_IDENTIFIER = HDCF.ZMHColorRQcodeTests;
				PRODUCT_NAME = "$(TARGET_NAME)";
				SWIFT_VERSION = 5.0;
				TARGETED_DEVICE_FAMILY = "1,2";
				TEST_HOST = "$(BUILT_PRODUCTS_DIR)/ZMHColorRQcode.app/ZMHColorRQcode";
			};
			name = Release;
		};
		3FBF6E82235FF47700738B39 /* Debug */ = {
			isa = XCBuildConfiguration;
			buildSettings = {
				ALWAYS_EMBED_SWIFT_STANDARD_LIBRARIES = YES;
				CODE_SIGN_STYLE = Automatic;
				INFOPLIST_FILE = ZMHColorRQcodeUITests/Info.plist;
				LD_RUNPATH_SEARCH_PATHS = (
					"$(inherited)",
					"@executable_path/Frameworks",
					"@loader_path/Frameworks",
				);
				PRODUCT_BUNDLE_IDENTIFIER = HDCF.ZMHColorRQcodeUITests;
				PRODUCT_NAME = "$(TARGET_NAME)";
				SWIFT_VERSION = 5.0;
				TARGETED_DEVICE_FAMILY = "1,2";
				TEST_TARGET_NAME = ZMHColorRQcode;
			};
			name = Debug;
		};
		3FBF6E83235FF47700738B39 /* Release */ = {
			isa = XCBuildConfiguration;
			buildSettings = {
				ALWAYS_EMBED_SWIFT_STANDARD_LIBRARIES = YES;
				CODE_SIGN_STYLE = Automatic;
				INFOPLIST_FILE = ZMHColorRQcodeUITests/Info.plist;
				LD_RUNPATH_SEARCH_PATHS = (
					"$(inherited)",
					"@executable_path/Frameworks",
					"@loader_path/Frameworks",
				);
				PRODUCT_BUNDLE_IDENTIFIER = HDCF.ZMHColorRQcodeUITests;
				PRODUCT_NAME = "$(TARGET_NAME)";
				SWIFT_VERSION = 5.0;
				TARGETED_DEVICE_FAMILY = "1,2";
				TEST_TARGET_NAME = ZMHColorRQcode;
			};
			name = Release;
		};
/* End XCBuildConfiguration section */

/* Begin XCConfigurationList section */
		3FBF6E4C235FF47600738B39 /* Build configuration list for PBXProject "ZMHColorRQcode" */ = {
			isa = XCConfigurationList;
			buildConfigurations = (
				3FBF6E79235FF47700738B39 /* Debug */,
				3FBF6E7A235FF47700738B39 /* Release */,
			);
			defaultConfigurationIsVisible = 0;
			defaultConfigurationName = Release;
		};
		3FBF6E7B235FF47700738B39 /* Build configuration list for PBXNativeTarget "ZMHColorRQcode" */ = {
			isa = XCConfigurationList;
			buildConfigurations = (
				3FBF6E7C235FF47700738B39 /* Debug */,
				3FBF6E7D235FF47700738B39 /* Release */,
			);
			defaultConfigurationIsVisible = 0;
			defaultConfigurationName = Release;
		};
		3FBF6E7E235FF47700738B39 /* Build configuration list for PBXNativeTarget "ZMHColorRQcodeTests" */ = {
			isa = XCConfigurationList;
			buildConfigurations = (
				3FBF6E7F235FF47700738B39 /* Debug */,
				3FBF6E80235FF47700738B39 /* Release */,
			);
			defaultConfigurationIsVisible = 0;
			defaultConfigurationName = Release;
		};
		3FBF6E81235FF47700738B39 /* Build configuration list for PBXNativeTarget "ZMHColorRQcodeUITests" */ = {
			isa = XCConfigurationList;
			buildConfigurations = (
				3FBF6E82235FF47700738B39 /* Debug */,
				3FBF6E83235FF47700738B39 /* Release */,
			);
			defaultConfigurationIsVisible = 0;
			defaultConfigurationName = Release;
		};
/* End XCConfigurationList section */
	};
	rootObject = 3FBF6E49235FF47600738B39 /* Project object */;
}
